// !$*UTF8*$!
{
	archiveVersion = 1;
	classes = {
	};
	objectVersion = 50;
	objects = {

/* Begin PBXBuildFile section */
		181A6DB620AE6BD60086608C /* DLPageControl.swift in Sources */ = {isa = PBXBuildFile; fileRef = 181A6DB520AE6BD60086608C /* DLPageControl.swift */; };
		181A6DB820AE7C800086608C /* InfiniteScrollingBehaviour.swift in Sources */ = {isa = PBXBuildFile; fileRef = 181A6DB720AE7C800086608C /* InfiniteScrollingBehaviour.swift */; };
		18ACAEEA20AD5C0200F75A21 /* AppDelegate.swift in Sources */ = {isa = PBXBuildFile; fileRef = 18ACAEE920AD5C0200F75A21 /* AppDelegate.swift */; };
		18ACAEEC20AD5C0200F75A21 /* ViewController.swift in Sources */ = {isa = PBXBuildFile; fileRef = 18ACAEEB20AD5C0200F75A21 /* ViewController.swift */; };
		18ACAEEF20AD5C0200F75A21 /* Main.storyboard in Resources */ = {isa = PBXBuildFile; fileRef = 18ACAEED20AD5C0200F75A21 /* Main.storyboard */; };
		18ACAEF120AD5C0300F75A21 /* Assets.xcassets in Resources */ = {isa = PBXBuildFile; fileRef = 18ACAEF020AD5C0300F75A21 /* Assets.xcassets */; };
		18ACAEF420AD5C0300F75A21 /* LaunchScreen.storyboard in Resources */ = {isa = PBXBuildFile; fileRef = 18ACAEF220AD5C0300F75A21 /* LaunchScreen.storyboard */; };
		49F042DA00B2200C4946B6A2 /* Pods_DLStudio.framework in Frameworks */ = {isa = PBXBuildFile; fileRef = 4188C9DFE1AC25F190B76AF8 /* Pods_DLStudio.framework */; };
/* End PBXBuildFile section */

/* Begin PBXFileReference section */
		181A6DB520AE6BD60086608C /* DLPageControl.swift */ = {isa = PBXFileReference; lastKnownFileType = sourcecode.swift; path = DLPageControl.swift; sourceTree = "<group>"; };
		181A6DB720AE7C800086608C /* InfiniteScrollingBehaviour.swift */ = {isa = PBXFileReference; fileEncoding = 4; lastKnownFileType = sourcecode.swift; path = InfiniteScrollingBehaviour.swift; sourceTree = "<group>"; };
		18ACAEE620AD5C0200F75A21 /* DLStudio.app */ = {isa = PBXFileReference; explicitFileType = wrapper.application; includeInIndex = 0; path = DLStudio.app; sourceTree = BUILT_PRODUCTS_DIR; };
		18ACAEE920AD5C0200F75A21 /* AppDelegate.swift */ = {isa = PBXFileReference; lastKnownFileType = sourcecode.swift; path = AppDelegate.swift; sourceTree = "<group>"; };
		18ACAEEB20AD5C0200F75A21 /* ViewController.swift */ = {isa = PBXFileReference; lastKnownFileType = sourcecode.swift; path = ViewController.swift; sourceTree = "<group>"; };
		18ACAEEE20AD5C0200F75A21 /* Base */ = {isa = PBXFileReference; lastKnownFileType = file.storyboard; name = Base; path = Base.lproj/Main.storyboard; sourceTree = "<group>"; };
		18ACAEF020AD5C0300F75A21 /* Assets.xcassets */ = {isa = PBXFileReference; lastKnownFileType = folder.assetcatalog; path = Assets.xcassets; sourceTree = "<group>"; };
		18ACAEF320AD5C0300F75A21 /* Base */ = {isa = PBXFileReference; lastKnownFileType = file.storyboard; name = Base; path = Base.lproj/LaunchScreen.storyboard; sourceTree = "<group>"; };
		18ACAEF520AD5C0300F75A21 /* Info.plist */ = {isa = PBXFileReference; lastKnownFileType = text.plist.xml; path = Info.plist; sourceTree = "<group>"; };
		2B37DDD12BDE9420FF609BB3 /* Pods-DLStudio.release.xcconfig */ = {isa = PBXFileReference; includeInIndex = 1; lastKnownFileType = text.xcconfig; name = "Pods-DLStudio.release.xcconfig"; path = "Pods/Target Support Files/Pods-DLStudio/Pods-DLStudio.release.xcconfig"; sourceTree = "<group>"; };
		4188C9DFE1AC25F190B76AF8 /* Pods_DLStudio.framework */ = {isa = PBXFileReference; explicitFileType = wrapper.framework; includeInIndex = 0; path = Pods_DLStudio.framework; sourceTree = BUILT_PRODUCTS_DIR; };
		B756782D348BD781DC30E053 /* Pods-DLStudio.debug.xcconfig */ = {isa = PBXFileReference; includeInIndex = 1; lastKnownFileType = text.xcconfig; name = "Pods-DLStudio.debug.xcconfig"; path = "Pods/Target Support Files/Pods-DLStudio/Pods-DLStudio.debug.xcconfig"; sourceTree = "<group>"; };
/* End PBXFileReference section */

/* Begin PBXFrameworksBuildPhase section */
		18ACAEE320AD5C0200F75A21 /* Frameworks */ = {
			isa = PBXFrameworksBuildPhase;
			buildActionMask = 2147483647;
			files = (
				49F042DA00B2200C4946B6A2 /* Pods_DLStudio.framework in Frameworks */,
			);
			runOnlyForDeploymentPostprocessing = 0;
		};
/* End PBXFrameworksBuildPhase section */

/* Begin PBXGroup section */
		154E3B9B7B1D76FA8DF56E8A /* Frameworks */ = {
			isa = PBXGroup;
			children = (
				4188C9DFE1AC25F190B76AF8 /* Pods_DLStudio.framework */,
			);
			name = Frameworks;
			sourceTree = "<group>";
		};
		181A6DB420AE6BB30086608C /* CustomUI */ = {
			isa = PBXGroup;
			children = (
				181A6DB720AE7C800086608C /* InfiniteScrollingBehaviour.swift */,
				181A6DB520AE6BD60086608C /* DLPageControl.swift */,
			);
			path = CustomUI;
			sourceTree = "<group>";
		};
		18ACAEDD20AD5C0200F75A21 = {
			isa = PBXGroup;
			children = (
				18ACAEE820AD5C0200F75A21 /* DLStudio */,
				18ACAEE720AD5C0200F75A21 /* Products */,
				6460D9E5D8BA2E2ECF99A398 /* Pods */,
				154E3B9B7B1D76FA8DF56E8A /* Frameworks */,
			);
			sourceTree = "<group>";
		};
		18ACAEE720AD5C0200F75A21 /* Products */ = {
			isa = PBXGroup;
			children = (
				18ACAEE620AD5C0200F75A21 /* DLStudio.app */,
			);
			name = Products;
			sourceTree = "<group>";
		};
		18ACAEE820AD5C0200F75A21 /* DLStudio */ = {
			isa = PBXGroup;
			children = (
				181A6DB420AE6BB30086608C /* CustomUI */,
				18ACAEE920AD5C0200F75A21 /* AppDelegate.swift */,
				18ACAEEB20AD5C0200F75A21 /* ViewController.swift */,
				18ACAEED20AD5C0200F75A21 /* Main.storyboard */,
				18ACAEF020AD5C0300F75A21 /* Assets.xcassets */,
				18ACAEF220AD5C0300F75A21 /* LaunchScreen.storyboard */,
				18ACAEF520AD5C0300F75A21 /* Info.plist */,
			);
			path = DLStudio;
			sourceTree = "<group>";
		};
		6460D9E5D8BA2E2ECF99A398 /* Pods */ = {
			isa = PBXGroup;
			children = (
				B756782D348BD781DC30E053 /* Pods-DLStudio.debug.xcconfig */,
				2B37DDD12BDE9420FF609BB3 /* Pods-DLStudio.release.xcconfig */,
			);
			name = Pods;
			sourceTree = "<group>";
		};
/* End PBXGroup section */

/* Begin PBXNativeTarget section */
		18ACAEE520AD5C0200F75A21 /* DLStudio */ = {
			isa = PBXNativeTarget;
			buildConfigurationList = 18ACAEF820AD5C0300F75A21 /* Build configuration list for PBXNativeTarget "DLStudio" */;
			buildPhases = (
				C562C04175A00B0964BA0004 /* [CP] Check Pods Manifest.lock */,
				18ACAEE220AD5C0200F75A21 /* Sources */,
				18ACAEE320AD5C0200F75A21 /* Frameworks */,
				18ACAEE420AD5C0200F75A21 /* Resources */,
				55C5D6ADB93D6ABECBA95CA5 /* [CP] Embed Pods Frameworks */,
			);
			buildRules = (
			);
			dependencies = (
			);
			name = DLStudio;
			productName = DLStudio;
			productReference = 18ACAEE620AD5C0200F75A21 /* DLStudio.app */;
			productType = "com.apple.product-type.application";
		};
/* End PBXNativeTarget section */

/* Begin PBXProject section */
		18ACAEDE20AD5C0200F75A21 /* Project object */ = {
			isa = PBXProject;
			attributes = {
				LastSwiftUpdateCheck = 0930;
				LastUpgradeCheck = 0930;
				ORGANIZATIONNAME = "GBS CIC iX";
				TargetAttributes = {
					18ACAEE520AD5C0200F75A21 = {
						CreatedOnToolsVersion = 9.3.1;
					};
				};
			};
			buildConfigurationList = 18ACAEE120AD5C0200F75A21 /* Build configuration list for PBXProject "DLStudio" */;
			compatibilityVersion = "Xcode 9.3";
			developmentRegion = en;
			hasScannedForEncodings = 0;
			knownRegions = (
				en,
				Base,
			);
			mainGroup = 18ACAEDD20AD5C0200F75A21;
			productRefGroup = 18ACAEE720AD5C0200F75A21 /* Products */;
			projectDirPath = "";
			projectRoot = "";
			targets = (
				18ACAEE520AD5C0200F75A21 /* DLStudio */,
			);
		};
/* End PBXProject section */

/* Begin PBXResourcesBuildPhase section */
		18ACAEE420AD5C0200F75A21 /* Resources */ = {
			isa = PBXResourcesBuildPhase;
			buildActionMask = 2147483647;
			files = (
				18ACAEF420AD5C0300F75A21 /* LaunchScreen.storyboard in Resources */,
				18ACAEF120AD5C0300F75A21 /* Assets.xcassets in Resources */,
				18ACAEEF20AD5C0200F75A21 /* Main.storyboard in Resources */,
			);
			runOnlyForDeploymentPostprocessing = 0;
		};
/* End PBXResourcesBuildPhase section */

/* Begin PBXShellScriptBuildPhase section */
		55C5D6ADB93D6ABECBA95CA5 /* [CP] Embed Pods Frameworks */ = {
			isa = PBXShellScriptBuildPhase;
			buildActionMask = 2147483647;
			files = (
			);
			inputPaths = (
				"${SRCROOT}/Pods/Target Support Files/Pods-DLStudio/Pods-DLStudio-frameworks.sh",
				"${BUILT_PRODUCTS_DIR}/CircleMenu/CircleMenu.framework",
				"${BUILT_PRODUCTS_DIR}/Hue/Hue.framework",
			);
			name = "[CP] Embed Pods Frameworks";
			outputPaths = (
				"${TARGET_BUILD_DIR}/${FRAMEWORKS_FOLDER_PATH}/CircleMenu.framework",
				"${TARGET_BUILD_DIR}/${FRAMEWORKS_FOLDER_PATH}/Hue.framework",
			);
			runOnlyForDeploymentPostprocessing = 0;
			shellPath = /bin/sh;
			shellScript = "\"${SRCROOT}/Pods/Target Support Files/Pods-DLStudio/Pods-DLStudio-frameworks.sh\"\n";
			showEnvVarsInLog = 0;
		};
		C562C04175A00B0964BA0004 /* [CP] Check Pods Manifest.lock */ = {
			isa = PBXShellScriptBuildPhase;
			buildActionMask = 2147483647;
			files = (
			);
			inputPaths = (
				"${PODS_PODFILE_DIR_PATH}/Podfile.lock",
				"${PODS_ROOT}/Manifest.lock",
			);
			name = "[CP] Check Pods Manifest.lock";
			outputPaths = (
				"$(DERIVED_FILE_DIR)/Pods-DLStudio-checkManifestLockResult.txt",
			);
			runOnlyForDeploymentPostprocessing = 0;
			shellPath = /bin/sh;
			shellScript = "diff \"${PODS_PODFILE_DIR_PATH}/Podfile.lock\" \"${PODS_ROOT}/Manifest.lock\" > /dev/null\nif [ $? != 0 ] ; then\n    # print error to STDERR\n    echo \"error: The sandbox is not in sync with the Podfile.lock. Run 'pod install' or update your CocoaPods installation.\" >&2\n    exit 1\nfi\n# This output is used by Xcode 'outputs' to avoid re-running this script phase.\necho \"SUCCESS\" > \"${SCRIPT_OUTPUT_FILE_0}\"\n";
			showEnvVarsInLog = 0;
		};
/* End PBXShellScriptBuildPhase section */

/* Begin PBXSourcesBuildPhase section */
		18ACAEE220AD5C0200F75A21 /* Sources */ = {
			isa = PBXSourcesBuildPhase;
			buildActionMask = 2147483647;
			files = (
				18ACAEEC20AD5C0200F75A21 /* ViewController.swift in Sources */,
				18ACAEEA20AD5C0200F75A21 /* AppDelegate.swift in Sources */,
				181A6DB820AE7C800086608C /* InfiniteScrollingBehaviour.swift in Sources */,
				181A6DB620AE6BD60086608C /* DLPageControl.swift in Sources */,
			);
			runOnlyForDeploymentPostprocessing = 0;
		};
/* End PBXSourcesBuildPhase section */

/* Begin PBXVariantGroup section */
		18ACAEED20AD5C0200F75A21 /* Main.storyboard */ = {
			isa = PBXVariantGroup;
			children = (
				18ACAEEE20AD5C0200F75A21 /* Base */,
			);
			name = Main.storyboard;
			sourceTree = "<group>";
		};
		18ACAEF220AD5C0300F75A21 /* LaunchScreen.storyboard */ = {
			isa = PBXVariantGroup;
			children = (
				18ACAEF320AD5C0300F75A21 /* Base */,
			);
			name = LaunchScreen.storyboard;
			sourceTree = "<group>";
		};
/* End PBXVariantGroup section */

/* Begin XCBuildConfiguration section */
		18ACAEF620AD5C0300F75A21 /* Debug */ = {
			isa = XCBuildConfiguration;
			buildSettings = {
				ALWAYS_SEARCH_USER_PATHS = NO;
				CLANG_ANALYZER_NONNULL = YES;
				CLANG_ANALYZER_NUMBER_OBJECT_CONVERSION = YES_AGGRESSIVE;
				CLANG_CXX_LANGUAGE_STANDARD = "gnu++14";
				CLANG_CXX_LIBRARY = "libc++";
				CLANG_ENABLE_MODULES = YES;
				CLANG_ENABLE_OBJC_ARC = YES;
				CLANG_ENABLE_OBJC_WEAK = YES;
				CLANG_WARN_BLOCK_CAPTURE_AUTORELEASING = YES;
				CLANG_WARN_BOOL_CONVERSION = YES;
				CLANG_WARN_COMMA = YES;
				CLANG_WARN_CONSTANT_CONVERSION = YES;
				CLANG_WARN_DEPRECATED_OBJC_IMPLEMENTATIONS = YES;
				CLANG_WARN_DIRECT_OBJC_ISA_USAGE = YES_ERROR;
				CLANG_WARN_DOCUMENTATION_COMMENTS = YES;
				CLANG_WARN_EMPTY_BODY = YES;
				CLANG_WARN_ENUM_CONVERSION = YES;
				CLANG_WARN_INFINITE_RECURSION = YES;
				CLANG_WARN_INT_CONVERSION = YES;
				CLANG_WARN_NON_LITERAL_NULL_CONVERSION = YES;
				CLANG_WARN_OBJC_IMPLICIT_RETAIN_SELF = YES;
				CLANG_WARN_OBJC_LITERAL_CONVERSION = YES;
				CLANG_WARN_OBJC_ROOT_CLASS = YES_ERROR;
				CLANG_WARN_RANGE_LOOP_ANALYSIS = YES;
				CLANG_WARN_STRICT_PROTOTYPES = YES;
				CLANG_WARN_SUSPICIOUS_MOVE = YES;
				CLANG_WARN_UNGUARDED_AVAILABILITY = YES_AGGRESSIVE;
				CLANG_WARN_UNREACHABLE_CODE = YES;
				CLANG_WARN__DUPLICATE_METHOD_MATCH = YES;
				CODE_SIGN_IDENTITY = "iPhone Developer";
				COPY_PHASE_STRIP = NO;
				DEBUG_INFORMATION_FORMAT = dwarf;
				ENABLE_STRICT_OBJC_MSGSEND = YES;
				ENABLE_TESTABILITY = YES;
				GCC_C_LANGUAGE_STANDARD = gnu11;
				GCC_DYNAMIC_NO_PIC = NO;
				GCC_NO_COMMON_BLOCKS = YES;
				GCC_OPTIMIZATION_LEVEL = 0;
				GCC_PREPROCESSOR_DEFINITIONS = (
					"DEBUG=1",
					"$(inherited)",
				);
				GCC_WARN_64_TO_32_BIT_CONVERSION = YES;
				GCC_WARN_ABOUT_RETURN_TYPE = YES_ERROR;
				GCC_WARN_UNDECLARED_SELECTOR = YES;
				GCC_WARN_UNINITIALIZED_AUTOS = YES_AGGRESSIVE;
				GCC_WARN_UNUSED_FUNCTION = YES;
				GCC_WARN_UNUSED_VARIABLE = YES;
				IPHONEOS_DEPLOYMENT_TARGET = 11.3;
				MTL_ENABLE_DEBUG_INFO = YES;
				ONLY_ACTIVE_ARCH = YES;
				SDKROOT = iphoneos;
				SWIFT_ACTIVE_COMPILATION_CONDITIONS = DEBUG;
				SWIFT_OPTIMIZATION_LEVEL = "-Onone";
			};
			name = Debug;
		};
		18ACAEF720AD5C0300F75A21 /* Release */ = {
			isa = XCBuildConfiguration;
			buildSettings = {
				ALWAYS_SEARCH_USER_PATHS = NO;
				CLANG_ANALYZER_NONNULL = YES;
				CLANG_ANALYZER_NUMBER_OBJECT_CONVERSION = YES_AGGRESSIVE;
				CLANG_CXX_LANGUAGE_STANDARD = "gnu++14";
				CLANG_CXX_LIBRARY = "libc++";
				CLANG_ENABLE_MODULES = YES;
				CLANG_ENABLE_OBJC_ARC = YES;
				CLANG_ENABLE_OBJC_WEAK = YES;
				CLANG_WARN_BLOCK_CAPTURE_AUTORELEASING = YES;
				CLANG_WARN_BOOL_CONVERSION = YES;
				CLANG_WARN_COMMA = YES;
				CLANG_WARN_CONSTANT_CONVERSION = YES;
				CLANG_WARN_DEPRECATED_OBJC_IMPLEMENTATIONS = YES;
				CLANG_WARN_DIRECT_OBJC_ISA_USAGE = YES_ERROR;
				CLANG_WARN_DOCUMENTATION_COMMENTS = YES;
				CLANG_WARN_EMPTY_BODY = YES;
				CLANG_WARN_ENUM_CONVERSION = YES;
				CLANG_WARN_INFINITE_RECURSION = YES;
				CLANG_WARN_INT_CONVERSION = YES;
				CLANG_WARN_NON_LITERAL_NULL_CONVERSION = YES;
				CLANG_WARN_OBJC_IMPLICIT_RETAIN_SELF = YES;
				CLANG_WARN_OBJC_LITERAL_CONVERSION = YES;
				CLANG_WARN_OBJC_ROOT_CLASS = YES_ERROR;
				CLANG_WARN_RANGE_LOOP_ANALYSIS = YES;
				CLANG_WARN_STRICT_PROTOTYPES = YES;
				CLANG_WARN_SUSPICIOUS_MOVE = YES;
				CLANG_WARN_UNGUARDED_AVAILABILITY = YES_AGGRESSIVE;
				CLANG_WARN_UNREACHABLE_CODE = YES;
				CLANG_WARN__DUPLICATE_METHOD_MATCH = YES;
				CODE_SIGN_IDENTITY = "iPhone Developer";
				COPY_PHASE_STRIP = NO;
				DEBUG_INFORMATION_FORMAT = "dwarf-with-dsym";
				ENABLE_NS_ASSERTIONS = NO;
				ENABLE_STRICT_OBJC_MSGSEND = YES;
				GCC_C_LANGUAGE_STANDARD = gnu11;
				GCC_NO_COMMON_BLOCKS = YES;
				GCC_WARN_64_TO_32_BIT_CONVERSION = YES;
				GCC_WARN_ABOUT_RETURN_TYPE = YES_ERROR;
				GCC_WARN_UNDECLARED_SELECTOR = YES;
				GCC_WARN_UNINITIALIZED_AUTOS = YES_AGGRESSIVE;
				GCC_WARN_UNUSED_FUNCTION = YES;
				GCC_WARN_UNUSED_VARIABLE = YES;
				IPHONEOS_DEPLOYMENT_TARGET = 11.3;
				MTL_ENABLE_DEBUG_INFO = NO;
				SDKROOT = iphoneos;
				SWIFT_COMPILATION_MODE = wholemodule;
				SWIFT_OPTIMIZATION_LEVEL = "-O";
				VALIDATE_PRODUCT = YES;
			};
			name = Release;
		};
		18ACAEF920AD5C0300F75A21 /* Debug */ = {
			isa = XCBuildConfiguration;
			baseConfigurationReference = B756782D348BD781DC30E053 /* Pods-DLStudio.debug.xcconfig */;
			buildSettings = {
				ASSETCATALOG_COMPILER_APPICON_NAME = AppIcon;
				CODE_SIGN_STYLE = Automatic;
				DEVELOPMENT_TEAM = TUDP6DZJW4;
				INFOPLIST_FILE = DLStudio/Info.plist;
				IPHONEOS_DEPLOYMENT_TARGET = 11.0;
				LD_RUNPATH_SEARCH_PATHS = (
					"$(inherited)",
					"@executable_path/Frameworks",
				);
				PRODUCT_BUNDLE_IDENTIFIER = com.ibm.cio.be.DLStudio.2018;
				PRODUCT_NAME = "$(TARGET_NAME)";
				SWIFT_VERSION = 4.0;
				TARGETED_DEVICE_FAMILY = 1;
			};
			name = Debug;
		};
		18ACAEFA20AD5C0300F75A21 /* Release */ = {
			isa = XCBuildConfiguration;
			baseConfigurationReference = 2B37DDD12BDE9420FF609BB3 /* Pods-DLStudio.release.xcconfig */;
			buildSettings = {
				ASSETCATALOG_COMPILER_APPICON_NAME = AppIcon;
				CODE_SIGN_STYLE = Automatic;
				DEVELOPMENT_TEAM = TUDP6DZJW4;
				INFOPLIST_FILE = DLStudio/Info.plist;
				IPHONEOS_DEPLOYMENT_TARGET = 11.0;
				LD_RUNPATH_SEARCH_PATHS = (
					"$(inherited)",
					"@executable_path/Frameworks",
				);
				PRODUCT_BUNDLE_IDENTIFIER = com.ibm.cio.be.DLStudio.2018;
				PRODUCT_NAME = "$(TARGET_NAME)";
				SWIFT_VERSION = 4.0;
				TARGETED_DEVICE_FAMILY = 1;
			};
			name = Release;
		};
/* End XCBuildConfiguration section */

/* Begin XCConfigurationList section */
		18ACAEE120AD5C0200F75A21 /* Build configuration list for PBXProject "DLStudio" */ = {
			isa = XCConfigurationList;
			buildConfigurations = (
				18ACAEF620AD5C0300F75A21 /* Debug */,
				18ACAEF720AD5C0300F75A21 /* Release */,
			);
			defaultConfigurationIsVisible = 0;
			defaultConfigurationName = Release;
		};
		18ACAEF820AD5C0300F75A21 /* Build configuration list for PBXNativeTarget "DLStudio" */ = {
			isa = XCConfigurationList;
			buildConfigurations = (
				18ACAEF920AD5C0300F75A21 /* Debug */,
				18ACAEFA20AD5C0300F75A21 /* Release */,
			);
			defaultConfigurationIsVisible = 0;
			defaultConfigurationName = Release;
		};
/* End XCConfigurationList section */
	};
	rootObject = 18ACAEDE20AD5C0200F75A21 /* Project object */;
}
